<Solution>
  <Folder Name="/src/">
    <Project Path="src/MathGeo.App/MathGeo.App.csproj" />
    <Project Path="src/MathGeo.Cli/MathGeo.Cli.csproj" />
    <Project Path="src/MathGeo.Core/MathGeo.Core.csproj" />
  </Folder>
  <Folder Name="/tests/">
    <Project Path="tests/MathGeo.Core.Tests/MathGeo.Core.Tests.csproj" />
  </Folder>
</Solution>
